
Microsoft Visual Studio Solution File, Format Version 12.00
Project("{FAE04EC0-301F-11D3-BF4B-00C04F79EFBC}") = "MQTT", "MQTT\MQTT.csproj", "{62D5B79E-45ED-460F-B9E8-74081C866095}"
EndProject
Global
	GlobalSection(SolutionConfigurationPlatforms) = preSolution
		Debug|Any CPU = Debug|Any CPU
		Release|Any CPU = Release|Any CPU
	EndGlobalSection
	GlobalSection(ProjectConfigurationPlatforms) = postSolution
		{62D5B79E-45ED-460F-B9E8-74081C866095}.Debug|Any CPU.ActiveCfg = Debug|Any CPU
		{62D5B79E-45ED-460F-B9E8-74081C866095}.Debug|Any CPU.Build.0 = Debug|Any CPU
		{62D5B79E-45ED-460F-B9E8-74081C866095}.Release|Any CPU.ActiveCfg = Release|Any CPU
		{62D5B79E-45ED-460F-B9E8-74081C866095}.Release|Any CPU.Build.0 = Release|Any CPU
	EndGlobalSection
EndGlobal
